{
  "name": "proj-02",
  "version": "1.0.0",
  "lockfileVersion": 3,
  "requires": true,
  "packages": {
    "": {
      "name": "proj-02",
      "version": "1.0.0",
      "license": "ISC",
      "dependencies": {
        "kefir": "^3.8.8"
      }
    },
    "node_modules/kefir": {
      "version": "3.8.8",
      "resolved": "https://registry.npmjs.org/kefir/-/kefir-3.8.8.tgz",
      "integrity": "sha512-xWga7QCZsR2Wjy2vNL3Kq/irT+IwxwItEWycRRlT5yhqHZK2fmEhziP+LzcJBWSTAMranGKtGTQ6lFpyJS3+jA=="
    }
  }
}
